// !$*UTF8*$!
{
	archiveVersion = 1;
	classes = {
	};
	objectVersion = 46;
	objects = {

/* Begin PBXBuildFile section */
		513D87991E6A3DB90020C552 /* AppDelegate.swift in Sources */ = {isa = PBXBuildFile; fileRef = 513D87981E6A3DB90020C552 /* AppDelegate.swift */; };
		513D879B1E6A3DB90020C552 /* ViewController.swift in Sources */ = {isa = PBXBuildFile; fileRef = 513D879A1E6A3DB90020C552 /* ViewController.swift */; };
		513D879E1E6A3DB90020C552 /* Main.storyboard in Resources */ = {isa = PBXBuildFile; fileRef = 513D879C1E6A3DB90020C552 /* Main.storyboard */; };
		513D87A01E6A3DB90020C552 /* Assets.xcassets in Resources */ = {isa = PBXBuildFile; fileRef = 513D879F1E6A3DB90020C552 /* Assets.xcassets */; };
		513D87A31E6A3DB90020C552 /* LaunchScreen.storyboard in Resources */ = {isa = PBXBuildFile; fileRef = 513D87A11E6A3DB90020C552 /* LaunchScreen.storyboard */; };
		5171D18A1E6F897C003AC703 /* SettingsViewController.swift in Sources */ = {isa = PBXBuildFile; fileRef = 5171D1891E6F897C003AC703 /* SettingsViewController.swift */; };
/* End PBXBuildFile section */

/* Begin PBXFileReference section */
		513D87951E6A3DB90020C552 /* TipCalculator.app */ = {isa = PBXFileReference; explicitFileType = wrapper.application; includeInIndex = 0; path = TipCalculator.app; sourceTree = BUILT_PRODUCTS_DIR; };
		513D87981E6A3DB90020C552 /* AppDelegate.swift */ = {isa = PBXFileReference; lastKnownFileType = sourcecode.swift; path = AppDelegate.swift; sourceTree = "<group>"; };
		513D879A1E6A3DB90020C552 /* ViewController.swift */ = {isa = PBXFileReference; lastKnownFileType = sourcecode.swift; path = ViewController.swift; sourceTree = "<group>"; };
		513D879D1E6A3DB90020C552 /* Base */ = {isa = PBXFileReference; lastKnownFileType = file.storyboard; name = Base; path = Base.lproj/Main.storyboard; sourceTree = "<group>"; };
		513D879F1E6A3DB90020C552 /* Assets.xcassets */ = {isa = PBXFileReference; lastKnownFileType = folder.assetcatalog; path = Assets.xcassets; sourceTree = "<group>"; };
		513D87A21E6A3DB90020C552 /* Base */ = {isa = PBXFileReference; lastKnownFileType = file.storyboard; name = Base; path = Base.lproj/LaunchScreen.storyboard; sourceTree = "<group>"; };
		513D87A41E6A3DB90020C552 /* Info.plist */ = {isa = PBXFileReference; lastKnownFileType = text.plist.xml; path = Info.plist; sourceTree = "<group>"; };
		5171D1891E6F897C003AC703 /* SettingsViewController.swift */ = {isa = PBXFileReference; fileEncoding = 4; lastKnownFileType = sourcecode.swift; path = SettingsViewController.swift; sourceTree = "<group>"; };
/* End PBXFileReference section */

/* Begin PBXFrameworksBuildPhase section */
		513D87921E6A3DB90020C552 /* Frameworks */ = {
			isa = PBXFrameworksBuildPhase;
			buildActionMask = 2147483647;
			files = (
			);
			runOnlyForDeploymentPostprocessing = 0;
		};
/* End PBXFrameworksBuildPhase section */

/* Begin PBXGroup section */
		513D878C1E6A3DB90020C552 = {
			isa = PBXGroup;
			children = (
				513D87971E6A3DB90020C552 /* TipCalculator */,
				513D87961E6A3DB90020C552 /* Products */,
			);
			sourceTree = "<group>";
		};
		513D87961E6A3DB90020C552 /* Products */ = {
			isa = PBXGroup;
			children = (
				513D87951E6A3DB90020C552 /* TipCalculator.app */,
			);
			name = Products;
			sourceTree = "<group>";
		};
		513D87971E6A3DB90020C552 /* TipCalculator */ = {
			isa = PBXGroup;
			children = (
				513D87981E6A3DB90020C552 /* AppDelegate.swift */,
				513D879A1E6A3DB90020C552 /* ViewController.swift */,
				513D879C1E6A3DB90020C552 /* Main.storyboard */,
				5171D1891E6F897C003AC703 /* SettingsViewController.swift */,
				513D879F1E6A3DB90020C552 /* Assets.xcassets */,
				513D87A11E6A3DB90020C552 /* LaunchScreen.storyboard */,
				513D87A41E6A3DB90020C552 /* Info.plist */,
			);
			path = TipCalculator;
			sourceTree = "<group>";
		};
/* End PBXGroup section */

/* Begin PBXNativeTarget section */
		513D87941E6A3DB90020C552 /* TipCalculator */ = {
			isa = PBXNativeTarget;
			buildConfigurationList = 513D87A71E6A3DB90020C552 /* Build configuration list for PBXNativeTarget "TipCalculator" */;
			buildPhases = (
				513D87911E6A3DB90020C552 /* Sources */,
				513D87921E6A3DB90020C552 /* Frameworks */,
				513D87931E6A3DB90020C552 /* Resources */,
			);
			buildRules = (
			);
			dependencies = (
			);
			name = TipCalculator;
			productName = TipCalculator;
			productReference = 513D87951E6A3DB90020C552 /* TipCalculator.app */;
			productType = "com.apple.product-type.application";
		};
/* End PBXNativeTarget section */

/* Begin PBXProject section */
		513D878D1E6A3DB90020C552 /* Project object */ = {
			isa = PBXProject;
			attributes = {
				LastSwiftUpdateCheck = 0820;
				LastUpgradeCheck = 0820;
				ORGANIZATIONNAME = anupkher;
				TargetAttributes = {
					513D87941E6A3DB90020C552 = {
						CreatedOnToolsVersion = 8.2.1;
						DevelopmentTeam = 7QBT6FUF69;
						ProvisioningStyle = Automatic;
					};
				};
			};
			buildConfigurationList = 513D87901E6A3DB90020C552 /* Build configuration list for PBXProject "TipCalculator" */;
			compatibilityVersion = "Xcode 3.2";
			developmentRegion = English;
			hasScannedForEncodings = 0;
			knownRegions = (
				en,
				Base,
			);
			mainGroup = 513D878C1E6A3DB90020C552;
			productRefGroup = 513D87961E6A3DB90020C552 /* Products */;
			projectDirPath = "";
			projectRoot = "";
			targets = (
				513D87941E6A3DB90020C552 /* TipCalculator */,
			);
		};
/* End PBXProject section */

/* Begin PBXResourcesBuildPhase section */
		513D87931E6A3DB90020C552 /* Resources */ = {
			isa = PBXResourcesBuildPhase;
			buildActionMask = 2147483647;
			files = (
				513D87A31E6A3DB90020C552 /* LaunchScreen.storyboard in Resources */,
				513D87A01E6A3DB90020C552 /* Assets.xcassets in Resources */,
				513D879E1E6A3DB90020C552 /* Main.storyboard in Resources */,
			);
			runOnlyForDeploymentPostprocessing = 0;
		};
/* End PBXResourcesBuildPhase section */

/* Begin PBXSourcesBuildPhase section */
		513D87911E6A3DB90020C552 /* Sources */ = {
			isa = PBXSourcesBuildPhase;
			buildActionMask = 2147483647;
			files = (
				513D879B1E6A3DB90020C552 /* ViewController.swift in Sources */,
				513D87991E6A3DB90020C552 /* AppDelegate.swift in Sources */,
				5171D18A1E6F897C003AC703 /* SettingsViewController.swift in Sources */,
			);
			runOnlyForDeploymentPostprocessing = 0;
		};
/* End PBXSourcesBuildPhase section */

/* Begin PBXVariantGroup section */
		513D879C1E6A3DB90020C552 /* Main.storyboard */ = {
			isa = PBXVariantGroup;
			children = (
				513D879D1E6A3DB90020C552 /* Base */,
			);
			name = Main.storyboard;
			sourceTree = "<group>";
		};
		513D87A11E6A3DB90020C552 /* LaunchScreen.storyboard */ = {
			isa = PBXVariantGroup;
			children = (
				513D87A21E6A3DB90020C552 /* Base */,
			);
			name = LaunchScreen.storyboard;
			sourceTree = "<group>";
		};
/* End PBXVariantGroup section */

/* Begin XCBuildConfiguration section */
		513D87A51E6A3DB90020C552 /* Debug */ = {
			isa = XCBuildConfiguration;
			buildSettings = {
				ALWAYS_SEARCH_USER_PATHS = NO;
				CLANG_ANALYZER_NONNULL = YES;
				CLANG_CXX_LANGUAGE_STANDARD = "gnu++0x";
				CLANG_CXX_LIBRARY = "libc++";
				CLANG_ENABLE_MODULES = YES;
				CLANG_ENABLE_OBJC_ARC = YES;
				CLANG_WARN_BOOL_CONVERSION = YES;
				CLANG_WARN_CONSTANT_CONVERSION = YES;
				CLANG_WARN_DIRECT_OBJC_ISA_USAGE = YES_ERROR;
				CLANG_WARN_DOCUMENTATION_COMMENTS = YES;
				CLANG_WARN_EMPTY_BODY = YES;
				CLANG_WARN_ENUM_CONVERSION = YES;
				CLANG_WARN_INFINITE_RECURSION = YES;
				CLANG_WARN_INT_CONVERSION = YES;
				CLANG_WARN_OBJC_ROOT_CLASS = YES_ERROR;
				CLANG_WARN_SUSPICIOUS_MOVE = YES;
				CLANG_WARN_UNREACHABLE_CODE = YES;
				CLANG_WARN__DUPLICATE_METHOD_MATCH = YES;
				"CODE_SIGN_IDENTITY[sdk=iphoneos*]" = "iPhone Developer";
				COPY_PHASE_STRIP = NO;
				DEBUG_INFORMATION_FORMAT = dwarf;
				ENABLE_STRICT_OBJC_MSGSEND = YES;
				ENABLE_TESTABILITY = YES;
				GCC_C_LANGUAGE_STANDARD = gnu99;
				GCC_DYNAMIC_NO_PIC = NO;
				GCC_NO_COMMON_BLOCKS = YES;
				GCC_OPTIMIZATION_LEVEL = 0;
				GCC_PREPROCESSOR_DEFINITIONS = (
					"DEBUG=1",
					"$(inherited)",
				);
				GCC_WARN_64_TO_32_BIT_CONVERSION = YES;
				GCC_WARN_ABOUT_RETURN_TYPE = YES_ERROR;
				GCC_WARN_UNDECLARED_SELECTOR = YES;
				GCC_WARN_UNINITIALIZED_AUTOS = YES_AGGRESSIVE;
				GCC_WARN_UNUSED_FUNCTION = YES;
				GCC_WARN_UNUSED_VARIABLE = YES;
				IPHONEOS_DEPLOYMENT_TARGET = 10.2;
				MTL_ENABLE_DEBUG_INFO = YES;
				ONLY_ACTIVE_ARCH = YES;
				SDKROOT = iphoneos;
				SWIFT_ACTIVE_COMPILATION_CONDITIONS = DEBUG;
				SWIFT_OPTIMIZATION_LEVEL = "-Onone";
			};
			name = Debug;
		};
		513D87A61E6A3DB90020C552 /* Release */ = {
			isa = XCBuildConfiguration;
			buildSettings = {
				ALWAYS_SEARCH_USER_PATHS = NO;
				CLANG_ANALYZER_NONNULL = YES;
				CLANG_CXX_LANGUAGE_STANDARD = "gnu++0x";
				CLANG_CXX_LIBRARY = "libc++";
				CLANG_ENABLE_MODULES = YES;
				CLANG_ENABLE_OBJC_ARC = YES;
				CLANG_WARN_BOOL_CONVERSION = YES;
				CLANG_WARN_CONSTANT_CONVERSION = YES;
				CLANG_WARN_DIRECT_OBJC_ISA_USAGE = YES_ERROR;
				CLANG_WARN_DOCUMENTATION_COMMENTS = YES;
				CLANG_WARN_EMPTY_BODY = YES;
				CLANG_WARN_ENUM_CONVERSION = YES;
				CLANG_WARN_INFINITE_RECURSION = YES;
				CLANG_WARN_INT_CONVERSION = YES;
				CLANG_WARN_OBJC_ROOT_CLASS = YES_ERROR;
				CLANG_WARN_SUSPICIOUS_MOVE = YES;
				CLANG_WARN_UNREACHABLE_CODE = YES;
				CLANG_WARN__DUPLICATE_METHOD_MATCH = YES;
				"CODE_SIGN_IDENTITY[sdk=iphoneos*]" = "iPhone Developer";
				COPY_PHASE_STRIP = NO;
				DEBUG_INFORMATION_FORMAT = "dwarf-with-dsym";
				ENABLE_NS_ASSERTIONS = NO;
				ENABLE_STRICT_OBJC_MSGSEND = YES;
				GCC_C_LANGUAGE_STANDARD = gnu99;
				GCC_NO_COMMON_BLOCKS = YES;
				GCC_WARN_64_TO_32_BIT_CONVERSION = YES;
				GCC_WARN_ABOUT_RETURN_TYPE = YES_ERROR;
				GCC_WARN_UNDECLARED_SELECTOR = YES;
				GCC_WARN_UNINITIALIZED_AUTOS = YES_AGGRESSIVE;
				GCC_WARN_UNUSED_FUNCTION = YES;
				GCC_WARN_UNUSED_VARIABLE = YES;
				IPHONEOS_DEPLOYMENT_TARGET = 10.2;
				MTL_ENABLE_DEBUG_INFO = NO;
				SDKROOT = iphoneos;
				SWIFT_OPTIMIZATION_LEVEL = "-Owholemodule";
				VALIDATE_PRODUCT = YES;
			};
			name = Release;
		};
		513D87A81E6A3DB90020C552 /* Debug */ = {
			isa = XCBuildConfiguration;
			buildSettings = {
				ASSETCATALOG_COMPILER_APPICON_NAME = AppIcon;
				DEVELOPMENT_TEAM = 7QBT6FUF69;
				INFOPLIST_FILE = TipCalculator/Info.plist;
				LD_RUNPATH_SEARCH_PATHS = "$(inherited) @executable_path/Frameworks";
				PRODUCT_BUNDLE_IDENTIFIER = com.anupkher.TipCalculator;
				PRODUCT_NAME = "$(TARGET_NAME)";
				SWIFT_VERSION = 3.0;
			};
			name = Debug;
		};
		513D87A91E6A3DB90020C552 /* Release */ = {
			isa = XCBuildConfiguration;
			buildSettings = {
				ASSETCATALOG_COMPILER_APPICON_NAME = AppIcon;
				DEVELOPMENT_TEAM = 7QBT6FUF69;
				INFOPLIST_FILE = TipCalculator/Info.plist;
				LD_RUNPATH_SEARCH_PATHS = "$(inherited) @executable_path/Frameworks";
				PRODUCT_BUNDLE_IDENTIFIER = com.anupkher.TipCalculator;
				PRODUCT_NAME = "$(TARGET_NAME)";
				SWIFT_VERSION = 3.0;
			};
			name = Release;
		};
/* End XCBuildConfiguration section */

/* Begin XCConfigurationList section */
		513D87901E6A3DB90020C552 /* Build configuration list for PBXProject "TipCalculator" */ = {
			isa = XCConfigurationList;
			buildConfigurations = (
				513D87A51E6A3DB90020C552 /* Debug */,
				513D87A61E6A3DB90020C552 /* Release */,
			);
			defaultConfigurationIsVisible = 0;
			defaultConfigurationName = Release;
		};
		513D87A71E6A3DB90020C552 /* Build configuration list for PBXNativeTarget "TipCalculator" */ = {
			isa = XCConfigurationList;
			buildConfigurations = (
				513D87A81E6A3DB90020C552 /* Debug */,
				513D87A91E6A3DB90020C552 /* Release */,
			);
			defaultConfigurationIsVisible = 0;
			defaultConfigurationName = Release;
		};
/* End XCConfigurationList section */
	};
	rootObject = 513D878D1E6A3DB90020C552 /* Project object */;
}
